// !$*UTF8*$!
{
	archiveVersion = 1;
	classes = {
	};
	objectVersion = 70;
	objects = {

/* Begin PBXBuildFile section */
		870634482C20BF2400E9CD46 /* EssentialFeed.framework in Frameworks */ = {isa = PBXBuildFile; fileRef = 8706343F2C20BF2300E9CD46 /* EssentialFeed.framework */; };
		8706344D2C20BF2400E9CD46 /* LoadFeedFromRemoteUseCaseTests.swift in Sources */ = {isa = PBXBuildFile; fileRef = 8706344C2C20BF2400E9CD46 /* LoadFeedFromRemoteUseCaseTests.swift */; };
		8706344E2C20BF2400E9CD46 /* EssentialFeed.h in Headers */ = {isa = PBXBuildFile; fileRef = 870634422C20BF2300E9CD46 /* EssentialFeed.h */; settings = {ATTRIBUTES = (Public, ); }; };
		870634582C20C04800E9CD46 /* FeedImage.swift in Sources */ = {isa = PBXBuildFile; fileRef = 870634572C20C04800E9CD46 /* FeedImage.swift */; };
		8706345A2C20C0A400E9CD46 /* FeedLoader.swift in Sources */ = {isa = PBXBuildFile; fileRef = 870634592C20C0A400E9CD46 /* FeedLoader.swift */; };
		8706345F2C20D68E00E9CD46 /* RemoteFeedLoader.swift in Sources */ = {isa = PBXBuildFile; fileRef = 8706345E2C20D68E00E9CD46 /* RemoteFeedLoader.swift */; };
		870C930A2C888C5D00F38D37 /* EssentialFeedAPIEndToEndTests.swift in Sources */ = {isa = PBXBuildFile; fileRef = 870C93092C888C5D00F38D37 /* EssentialFeedAPIEndToEndTests.swift */; };
		870C930B2C888C5D00F38D37 /* EssentialFeed.framework in Frameworks */ = {isa = PBXBuildFile; fileRef = 8706343F2C20BF2300E9CD46 /* EssentialFeed.framework */; };
		870C93112C8892A000F38D37 /* XCTestCase+MemoryLeakTrackingHelper.swift in Sources */ = {isa = PBXBuildFile; fileRef = 87DCB20F2C85F2C200EA40C6 /* XCTestCase+MemoryLeakTrackingHelper.swift */; };
		8718027C2C81F488000EFFB4 /* URLSessionHTTPClientTests.swift in Sources */ = {isa = PBXBuildFile; fileRef = 8718027B2C81F488000EFFB4 /* URLSessionHTTPClientTests.swift */; };
		871B30352D772959008C50F4 /* CodableFeedStore.swift in Sources */ = {isa = PBXBuildFile; fileRef = 871B30342D772959008C50F4 /* CodableFeedStore.swift */; };
		871B30372D7736B4008C50F4 /* FeedStoreSpecs.swift in Sources */ = {isa = PBXBuildFile; fileRef = 871B30362D7736B4008C50F4 /* FeedStoreSpecs.swift */; };
		871B303B2D773784008C50F4 /* XCTestCase+FeedStoreSpecs.swift in Sources */ = {isa = PBXBuildFile; fileRef = 871B303A2D773784008C50F4 /* XCTestCase+FeedStoreSpecs.swift */; };
		871B303D2D773B42008C50F4 /* XCTestCase+FaiableInsertFeedStoreSpecs.swift in Sources */ = {isa = PBXBuildFile; fileRef = 871B303C2D773B42008C50F4 /* XCTestCase+FaiableInsertFeedStoreSpecs.swift */; };
		871B303F2D773BA5008C50F4 /* XCTestCase+FailableDeleteFeedStoreSpecs.swift in Sources */ = {isa = PBXBuildFile; fileRef = 871B303E2D773BA5008C50F4 /* XCTestCase+FailableDeleteFeedStoreSpecs.swift */; };
		8770F6FA2D2C090C0007810D /* LocalFeedImage.swift in Sources */ = {isa = PBXBuildFile; fileRef = 8770F6F92D2C090C0007810D /* LocalFeedImage.swift */; };
		87B372F42D2C0841006B0D7F /* RemoteFeedItem.swift in Sources */ = {isa = PBXBuildFile; fileRef = 87B372F32D2C0841006B0D7F /* RemoteFeedItem.swift */; };
		87C4811F2C4D8F3400C17B8D /* HttpClient.swift in Sources */ = {isa = PBXBuildFile; fileRef = 87C4811E2C4D8F3400C17B8D /* HttpClient.swift */; };
		87C481212C4D8FA400C17B8D /* FeedItemsMapper.swift in Sources */ = {isa = PBXBuildFile; fileRef = 87C481202C4D8FA400C17B8D /* FeedItemsMapper.swift */; };
		87D6D31D2D749871001BDB1C /* ValidateFeedCacheUseCaseTests.swift in Sources */ = {isa = PBXBuildFile; fileRef = 87D6D31C2D749871001BDB1C /* ValidateFeedCacheUseCaseTests.swift */; };
		87D6D3252D749E76001BDB1C /* SharedTestHelpers.swift in Sources */ = {isa = PBXBuildFile; fileRef = 87D6D3242D749E76001BDB1C /* SharedTestHelpers.swift */; };
		87D6D3262D749E76001BDB1C /* SharedTestHelpers.swift in Sources */ = {isa = PBXBuildFile; fileRef = 87D6D3242D749E76001BDB1C /* SharedTestHelpers.swift */; };
		87DA56BE2D75D25C008979D2 /* FeedCachePolicy.swift in Sources */ = {isa = PBXBuildFile; fileRef = 87DA56BD2D75D25C008979D2 /* FeedCachePolicy.swift */; };
		87DA56C02D75DDB0008979D2 /* CodableFeedStoreTests.swift in Sources */ = {isa = PBXBuildFile; fileRef = 87DA56BF2D75DDB0008979D2 /* CodableFeedStoreTests.swift */; };
		87DCB2102C85F2C200EA40C6 /* XCTestCase+MemoryLeakTrackingHelper.swift in Sources */ = {isa = PBXBuildFile; fileRef = 87DCB20F2C85F2C200EA40C6 /* XCTestCase+MemoryLeakTrackingHelper.swift */; };
		87DCB2122C86045600EA40C6 /* URLSessionHTTPClient.swift in Sources */ = {isa = PBXBuildFile; fileRef = 87DCB2112C86045600EA40C6 /* URLSessionHTTPClient.swift */; };
		87E9E9642C91CAA90001F3FC /* LocalFeedLoader.swift in Sources */ = {isa = PBXBuildFile; fileRef = 87E9E9632C91CAA90001F3FC /* LocalFeedLoader.swift */; };
		87E9E9662C91CB0E0001F3FC /* FeedStore.swift in Sources */ = {isa = PBXBuildFile; fileRef = 87E9E9652C91CB0E0001F3FC /* FeedStore.swift */; };
		87EB38432D3146230064558C /* LoadFeedFromCacheUseCaseTests.swift in Sources */ = {isa = PBXBuildFile; fileRef = 87EB38422D3146230064558C /* LoadFeedFromCacheUseCaseTests.swift */; };
		87FBD1C22C906E48009B93AB /* CacheFeedUseCaseTests.swift in Sources */ = {isa = PBXBuildFile; fileRef = 87FBD1C12C906E48009B93AB /* CacheFeedUseCaseTests.swift */; };
/* End PBXBuildFile section */

/* Begin PBXContainerItemProxy section */
		870634492C20BF2400E9CD46 /* PBXContainerItemProxy */ = {
			isa = PBXContainerItemProxy;
			containerPortal = 870634362C20BF2300E9CD46 /* Project object */;
			proxyType = 1;
			remoteGlobalIDString = 8706343E2C20BF2300E9CD46;
			remoteInfo = EssentialFeed;
		};
		870C930C2C888C5D00F38D37 /* PBXContainerItemProxy */ = {
			isa = PBXContainerItemProxy;
			containerPortal = 870634362C20BF2300E9CD46 /* Project object */;
			proxyType = 1;
			remoteGlobalIDString = 8706343E2C20BF2300E9CD46;
			remoteInfo = EssentialFeed;
		};
/* End PBXContainerItemProxy section */

/* Begin PBXFileReference section */
		8706343F2C20BF2300E9CD46 /* EssentialFeed.framework */ = {isa = PBXFileReference; explicitFileType = wrapper.framework; includeInIndex = 0; path = EssentialFeed.framework; sourceTree = BUILT_PRODUCTS_DIR; };
		870634422C20BF2300E9CD46 /* EssentialFeed.h */ = {isa = PBXFileReference; lastKnownFileType = sourcecode.c.h; path = EssentialFeed.h; sourceTree = "<group>"; };
		870634472C20BF2400E9CD46 /* EssentialFeedTests.xctest */ = {isa = PBXFileReference; explicitFileType = wrapper.cfbundle; includeInIndex = 0; path = EssentialFeedTests.xctest; sourceTree = BUILT_PRODUCTS_DIR; };
		8706344C2C20BF2400E9CD46 /* LoadFeedFromRemoteUseCaseTests.swift */ = {isa = PBXFileReference; lastKnownFileType = sourcecode.swift; path = LoadFeedFromRemoteUseCaseTests.swift; sourceTree = "<group>"; };
		870634572C20C04800E9CD46 /* FeedImage.swift */ = {isa = PBXFileReference; lastKnownFileType = sourcecode.swift; path = FeedImage.swift; sourceTree = "<group>"; };
		870634592C20C0A400E9CD46 /* FeedLoader.swift */ = {isa = PBXFileReference; lastKnownFileType = sourcecode.swift; path = FeedLoader.swift; sourceTree = "<group>"; };
		8706345E2C20D68E00E9CD46 /* RemoteFeedLoader.swift */ = {isa = PBXFileReference; lastKnownFileType = sourcecode.swift; path = RemoteFeedLoader.swift; sourceTree = "<group>"; };
		870C93072C888C5D00F38D37 /* EssentialFeedAPIEndToEndTests.xctest */ = {isa = PBXFileReference; explicitFileType = wrapper.cfbundle; includeInIndex = 0; path = EssentialFeedAPIEndToEndTests.xctest; sourceTree = BUILT_PRODUCTS_DIR; };
		870C93092C888C5D00F38D37 /* EssentialFeedAPIEndToEndTests.swift */ = {isa = PBXFileReference; lastKnownFileType = sourcecode.swift; path = EssentialFeedAPIEndToEndTests.swift; sourceTree = "<group>"; };
		870C93142C88A18B00F38D37 /* CI.xctestplan */ = {isa = PBXFileReference; lastKnownFileType = text; name = CI.xctestplan; path = ../CI.xctestplan; sourceTree = "<group>"; };
		8718027B2C81F488000EFFB4 /* URLSessionHTTPClientTests.swift */ = {isa = PBXFileReference; lastKnownFileType = sourcecode.swift; path = URLSessionHTTPClientTests.swift; sourceTree = "<group>"; };
		871B30342D772959008C50F4 /* CodableFeedStore.swift */ = {isa = PBXFileReference; lastKnownFileType = sourcecode.swift; path = CodableFeedStore.swift; sourceTree = "<group>"; };
		871B30362D7736B4008C50F4 /* FeedStoreSpecs.swift */ = {isa = PBXFileReference; lastKnownFileType = sourcecode.swift; path = FeedStoreSpecs.swift; sourceTree = "<group>"; };
		871B303A2D773784008C50F4 /* XCTestCase+FeedStoreSpecs.swift */ = {isa = PBXFileReference; lastKnownFileType = sourcecode.swift; path = "XCTestCase+FeedStoreSpecs.swift"; sourceTree = "<group>"; };
		871B303C2D773B42008C50F4 /* XCTestCase+FaiableInsertFeedStoreSpecs.swift */ = {isa = PBXFileReference; lastKnownFileType = sourcecode.swift; path = "XCTestCase+FaiableInsertFeedStoreSpecs.swift"; sourceTree = "<group>"; };
		871B303E2D773BA5008C50F4 /* XCTestCase+FailableDeleteFeedStoreSpecs.swift */ = {isa = PBXFileReference; lastKnownFileType = sourcecode.swift; path = "XCTestCase+FailableDeleteFeedStoreSpecs.swift"; sourceTree = "<group>"; };
		8770F6F92D2C090C0007810D /* LocalFeedImage.swift */ = {isa = PBXFileReference; lastKnownFileType = sourcecode.swift; path = LocalFeedImage.swift; sourceTree = "<group>"; };
		87B372F32D2C0841006B0D7F /* RemoteFeedItem.swift */ = {isa = PBXFileReference; lastKnownFileType = sourcecode.swift; path = RemoteFeedItem.swift; sourceTree = "<group>"; };
		87C4811E2C4D8F3400C17B8D /* HttpClient.swift */ = {isa = PBXFileReference; lastKnownFileType = sourcecode.swift; path = HttpClient.swift; sourceTree = "<group>"; };
		87C481202C4D8FA400C17B8D /* FeedItemsMapper.swift */ = {isa = PBXFileReference; lastKnownFileType = sourcecode.swift; path = FeedItemsMapper.swift; sourceTree = "<group>"; };
		87D6D31C2D749871001BDB1C /* ValidateFeedCacheUseCaseTests.swift */ = {isa = PBXFileReference; lastKnownFileType = sourcecode.swift; path = ValidateFeedCacheUseCaseTests.swift; sourceTree = "<group>"; };
		87D6D3242D749E76001BDB1C /* SharedTestHelpers.swift */ = {isa = PBXFileReference; lastKnownFileType = sourcecode.swift; path = SharedTestHelpers.swift; sourceTree = "<group>"; };
		87DA56BD2D75D25C008979D2 /* FeedCachePolicy.swift */ = {isa = PBXFileReference; lastKnownFileType = sourcecode.swift; path = FeedCachePolicy.swift; sourceTree = "<group>"; };
		87DA56BF2D75DDB0008979D2 /* CodableFeedStoreTests.swift */ = {isa = PBXFileReference; lastKnownFileType = sourcecode.swift; path = CodableFeedStoreTests.swift; sourceTree = "<group>"; };
		87DCB20F2C85F2C200EA40C6 /* XCTestCase+MemoryLeakTrackingHelper.swift */ = {isa = PBXFileReference; lastKnownFileType = sourcecode.swift; path = "XCTestCase+MemoryLeakTrackingHelper.swift"; sourceTree = "<group>"; };
		87DCB2112C86045600EA40C6 /* URLSessionHTTPClient.swift */ = {isa = PBXFileReference; lastKnownFileType = sourcecode.swift; path = URLSessionHTTPClient.swift; sourceTree = "<group>"; };
		87E9E9632C91CAA90001F3FC /* LocalFeedLoader.swift */ = {isa = PBXFileReference; lastKnownFileType = sourcecode.swift; path = LocalFeedLoader.swift; sourceTree = "<group>"; };
		87E9E9652C91CB0E0001F3FC /* FeedStore.swift */ = {isa = PBXFileReference; lastKnownFileType = sourcecode.swift; path = FeedStore.swift; sourceTree = "<group>"; };
		87EB38422D3146230064558C /* LoadFeedFromCacheUseCaseTests.swift */ = {isa = PBXFileReference; lastKnownFileType = sourcecode.swift; path = LoadFeedFromCacheUseCaseTests.swift; sourceTree = "<group>"; };
		87F0CF9B2C89D6290075B7D4 /* EssentialFeed.xctestplan */ = {isa = PBXFileReference; lastKnownFileType = text; path = EssentialFeed.xctestplan; sourceTree = "<group>"; };
		87FBD1C12C906E48009B93AB /* CacheFeedUseCaseTests.swift */ = {isa = PBXFileReference; lastKnownFileType = sourcecode.swift; path = CacheFeedUseCaseTests.swift; sourceTree = "<group>"; };
/* End PBXFileReference section */

/* Begin PBXFileSystemSynchronizedRootGroup section */
		87EB38442D31471A0064558C /* Helpers */ = {isa = PBXFileSystemSynchronizedRootGroup; explicitFileTypes = {}; explicitFolders = (); path = Helpers; sourceTree = "<group>"; };
/* End PBXFileSystemSynchronizedRootGroup section */

/* Begin PBXFrameworksBuildPhase section */
		8706343C2C20BF2300E9CD46 /* Frameworks */ = {
			isa = PBXFrameworksBuildPhase;
			buildActionMask = 2147483647;
			files = (
			);
			runOnlyForDeploymentPostprocessing = 0;
		};
		870634442C20BF2400E9CD46 /* Frameworks */ = {
			isa = PBXFrameworksBuildPhase;
			buildActionMask = 2147483647;
			files = (
				870634482C20BF2400E9CD46 /* EssentialFeed.framework in Frameworks */,
			);
			runOnlyForDeploymentPostprocessing = 0;
		};
		870C93042C888C5D00F38D37 /* Frameworks */ = {
			isa = PBXFrameworksBuildPhase;
			buildActionMask = 2147483647;
			files = (
				870C930B2C888C5D00F38D37 /* EssentialFeed.framework in Frameworks */,
			);
			runOnlyForDeploymentPostprocessing = 0;
		};
/* End PBXFrameworksBuildPhase section */

/* Begin PBXGroup section */
		870634352C20BF2300E9CD46 = {
			isa = PBXGroup;
			children = (
				87F0CF9B2C89D6290075B7D4 /* EssentialFeed.xctestplan */,
				870C93142C88A18B00F38D37 /* CI.xctestplan */,
				870634412C20BF2300E9CD46 /* EssentialFeed */,
				8706344B2C20BF2400E9CD46 /* EssentialFeedTests */,
				870C93082C888C5D00F38D37 /* EssentialFeedAPIEndToEndTests */,
				870634402C20BF2300E9CD46 /* Products */,
			);
			sourceTree = "<group>";
		};
		870634402C20BF2300E9CD46 /* Products */ = {
			isa = PBXGroup;
			children = (
				8706343F2C20BF2300E9CD46 /* EssentialFeed.framework */,
				870634472C20BF2400E9CD46 /* EssentialFeedTests.xctest */,
				870C93072C888C5D00F38D37 /* EssentialFeedAPIEndToEndTests.xctest */,
			);
			name = Products;
			sourceTree = "<group>";
		};
		870634412C20BF2300E9CD46 /* EssentialFeed */ = {
			isa = PBXGroup;
			children = (
				87E9E9622C91CA950001F3FC /* FeedCache */,
				870C93132C88935B00F38D37 /* TestPlans */,
				8706345D2C20D67B00E9CD46 /* FeedAPI */,
				8706345B2C20C22200E9CD46 /* FeedFeature */,
				870634422C20BF2300E9CD46 /* EssentialFeed.h */,
			);
			path = EssentialFeed;
			sourceTree = "<group>";
		};
		8706344B2C20BF2400E9CD46 /* EssentialFeedTests */ = {
			isa = PBXGroup;
			children = (
				87DCB20E2C85F2A400EA40C6 /* Helpers */,
				87FBD1C02C906E3C009B93AB /* FeedCache */,
				87C481222C4D96D800C17B8D /* FeedAPI */,
			);
			path = EssentialFeedTests;
			sourceTree = "<group>";
		};
		8706345B2C20C22200E9CD46 /* FeedFeature */ = {
			isa = PBXGroup;
			children = (
				870634572C20C04800E9CD46 /* FeedImage.swift */,
				870634592C20C0A400E9CD46 /* FeedLoader.swift */,
			);
			path = FeedFeature;
			sourceTree = "<group>";
		};
		8706345D2C20D67B00E9CD46 /* FeedAPI */ = {
			isa = PBXGroup;
			children = (
				87C481202C4D8FA400C17B8D /* FeedItemsMapper.swift */,
				87C4811E2C4D8F3400C17B8D /* HttpClient.swift */,
				8706345E2C20D68E00E9CD46 /* RemoteFeedLoader.swift */,
				87DCB2112C86045600EA40C6 /* URLSessionHTTPClient.swift */,
			);
			path = FeedAPI;
			sourceTree = "<group>";
		};
		870C93082C888C5D00F38D37 /* EssentialFeedAPIEndToEndTests */ = {
			isa = PBXGroup;
			children = (
				870C93092C888C5D00F38D37 /* EssentialFeedAPIEndToEndTests.swift */,
			);
			path = EssentialFeedAPIEndToEndTests;
			sourceTree = "<group>";
		};
		870C93132C88935B00F38D37 /* TestPlans */ = {
			isa = PBXGroup;
			children = (
			);
			path = TestPlans;
			sourceTree = "<group>";
		};
		87C481222C4D96D800C17B8D /* FeedAPI */ = {
			isa = PBXGroup;
			children = (
				8706344C2C20BF2400E9CD46 /* LoadFeedFromRemoteUseCaseTests.swift */,
				8718027B2C81F488000EFFB4 /* URLSessionHTTPClientTests.swift */,
			);
			path = FeedAPI;
			sourceTree = "<group>";
		};
		87DCB20E2C85F2A400EA40C6 /* Helpers */ = {
			isa = PBXGroup;
			children = (
				87DCB20F2C85F2C200EA40C6 /* XCTestCase+MemoryLeakTrackingHelper.swift */,
				87D6D3242D749E76001BDB1C /* SharedTestHelpers.swift */,
			);
			path = Helpers;
			sourceTree = "<group>";
		};
		87E9E9622C91CA950001F3FC /* FeedCache */ = {
			isa = PBXGroup;
			children = (
				87E9E9632C91CAA90001F3FC /* LocalFeedLoader.swift */,
				87E9E9652C91CB0E0001F3FC /* FeedStore.swift */,
				87B372F32D2C0841006B0D7F /* RemoteFeedItem.swift */,
				8770F6F92D2C090C0007810D /* LocalFeedImage.swift */,
				87DA56BD2D75D25C008979D2 /* FeedCachePolicy.swift */,
				871B30342D772959008C50F4 /* CodableFeedStore.swift */,
			);
			path = FeedCache;
			sourceTree = "<group>";
		};
		87FBD1C02C906E3C009B93AB /* FeedCache */ = {
			isa = PBXGroup;
			children = (
				87EB38442D31471A0064558C /* Helpers */,
				87FBD1C12C906E48009B93AB /* CacheFeedUseCaseTests.swift */,
				87EB38422D3146230064558C /* LoadFeedFromCacheUseCaseTests.swift */,
				87D6D31C2D749871001BDB1C /* ValidateFeedCacheUseCaseTests.swift */,
				87DA56BF2D75DDB0008979D2 /* CodableFeedStoreTests.swift */,
				871B30362D7736B4008C50F4 /* FeedStoreSpecs.swift */,
				871B303A2D773784008C50F4 /* XCTestCase+FeedStoreSpecs.swift */,
				871B303C2D773B42008C50F4 /* XCTestCase+FaiableInsertFeedStoreSpecs.swift */,
				871B303E2D773BA5008C50F4 /* XCTestCase+FailableDeleteFeedStoreSpecs.swift */,
			);
			path = FeedCache;
			sourceTree = "<group>";
		};
/* End PBXGroup section */

/* Begin PBXHeadersBuildPhase section */
		8706343A2C20BF2300E9CD46 /* Headers */ = {
			isa = PBXHeadersBuildPhase;
			buildActionMask = 2147483647;
			files = (
				8706344E2C20BF2400E9CD46 /* EssentialFeed.h in Headers */,
			);
			runOnlyForDeploymentPostprocessing = 0;
		};
/* End PBXHeadersBuildPhase section */

/* Begin PBXNativeTarget section */
		8706343E2C20BF2300E9CD46 /* EssentialFeed */ = {
			isa = PBXNativeTarget;
			buildConfigurationList = 870634512C20BF2400E9CD46 /* Build configuration list for PBXNativeTarget "EssentialFeed" */;
			buildPhases = (
				8706343A2C20BF2300E9CD46 /* Headers */,
				8706343B2C20BF2300E9CD46 /* Sources */,
				8706343C2C20BF2300E9CD46 /* Frameworks */,
				8706343D2C20BF2300E9CD46 /* Resources */,
			);
			buildRules = (
			);
			dependencies = (
			);
			name = EssentialFeed;
			productName = EssentialFeed;
			productReference = 8706343F2C20BF2300E9CD46 /* EssentialFeed.framework */;
			productType = "com.apple.product-type.framework";
		};
		870634462C20BF2400E9CD46 /* EssentialFeedTests */ = {
			isa = PBXNativeTarget;
			buildConfigurationList = 870634542C20BF2400E9CD46 /* Build configuration list for PBXNativeTarget "EssentialFeedTests" */;
			buildPhases = (
				870634432C20BF2400E9CD46 /* Sources */,
				870634442C20BF2400E9CD46 /* Frameworks */,
				870634452C20BF2400E9CD46 /* Resources */,
			);
			buildRules = (
			);
			dependencies = (
				8706344A2C20BF2400E9CD46 /* PBXTargetDependency */,
			);
			fileSystemSynchronizedGroups = (
				87EB38442D31471A0064558C /* Helpers */,
			);
			name = EssentialFeedTests;
			productName = EssentialFeedTests;
			productReference = 870634472C20BF2400E9CD46 /* EssentialFeedTests.xctest */;
			productType = "com.apple.product-type.bundle.unit-test";
		};
		870C93062C888C5D00F38D37 /* EssentialFeedAPIEndToEndTests */ = {
			isa = PBXNativeTarget;
			buildConfigurationList = 870C930E2C888C5D00F38D37 /* Build configuration list for PBXNativeTarget "EssentialFeedAPIEndToEndTests" */;
			buildPhases = (
				870C93032C888C5D00F38D37 /* Sources */,
				870C93042C888C5D00F38D37 /* Frameworks */,
				870C93052C888C5D00F38D37 /* Resources */,
			);
			buildRules = (
			);
			dependencies = (
				870C930D2C888C5D00F38D37 /* PBXTargetDependency */,
			);
			name = EssentialFeedAPIEndToEndTests;
			productName = EssentialFeedAPIEndToEndTests;
			productReference = 870C93072C888C5D00F38D37 /* EssentialFeedAPIEndToEndTests.xctest */;
			productType = "com.apple.product-type.bundle.unit-test";
		};
/* End PBXNativeTarget section */

/* Begin PBXProject section */
		870634362C20BF2300E9CD46 /* Project object */ = {
			isa = PBXProject;
			attributes = {
				BuildIndependentTargetsInParallel = 1;
				LastSwiftUpdateCheck = 1530;
				LastUpgradeCheck = 1530;
				TargetAttributes = {
					8706343E2C20BF2300E9CD46 = {
						CreatedOnToolsVersion = 15.3;
						LastSwiftMigration = 1530;
					};
					870634462C20BF2400E9CD46 = {
						CreatedOnToolsVersion = 15.3;
					};
					870C93062C888C5D00F38D37 = {
						CreatedOnToolsVersion = 15.3;
					};
				};
			};
			buildConfigurationList = 870634392C20BF2300E9CD46 /* Build configuration list for PBXProject "EssentialFeed" */;
			compatibilityVersion = "Xcode 14.0";
			developmentRegion = en;
			hasScannedForEncodings = 0;
			knownRegions = (
				en,
				Base,
			);
			mainGroup = 870634352C20BF2300E9CD46;
			productRefGroup = 870634402C20BF2300E9CD46 /* Products */;
			projectDirPath = "";
			projectRoot = "";
			targets = (
				8706343E2C20BF2300E9CD46 /* EssentialFeed */,
				870634462C20BF2400E9CD46 /* EssentialFeedTests */,
				870C93062C888C5D00F38D37 /* EssentialFeedAPIEndToEndTests */,
			);
		};
/* End PBXProject section */

/* Begin PBXResourcesBuildPhase section */
		8706343D2C20BF2300E9CD46 /* Resources */ = {
			isa = PBXResourcesBuildPhase;
			buildActionMask = 2147483647;
			files = (
			);
			runOnlyForDeploymentPostprocessing = 0;
		};
		870634452C20BF2400E9CD46 /* Resources */ = {
			isa = PBXResourcesBuildPhase;
			buildActionMask = 2147483647;
			files = (
			);
			runOnlyForDeploymentPostprocessing = 0;
		};
		870C93052C888C5D00F38D37 /* Resources */ = {
			isa = PBXResourcesBuildPhase;
			buildActionMask = 2147483647;
			files = (
			);
			runOnlyForDeploymentPostprocessing = 0;
		};
/* End PBXResourcesBuildPhase section */

/* Begin PBXSourcesBuildPhase section */
		8706343B2C20BF2300E9CD46 /* Sources */ = {
			isa = PBXSourcesBuildPhase;
			buildActionMask = 2147483647;
			files = (
				87C481212C4D8FA400C17B8D /* FeedItemsMapper.swift in Sources */,
				8706345A2C20C0A400E9CD46 /* FeedLoader.swift in Sources */,
				87B372F42D2C0841006B0D7F /* RemoteFeedItem.swift in Sources */,
				8706345F2C20D68E00E9CD46 /* RemoteFeedLoader.swift in Sources */,
				87E9E9662C91CB0E0001F3FC /* FeedStore.swift in Sources */,
				8770F6FA2D2C090C0007810D /* LocalFeedImage.swift in Sources */,
				87E9E9642C91CAA90001F3FC /* LocalFeedLoader.swift in Sources */,
				87C4811F2C4D8F3400C17B8D /* HttpClient.swift in Sources */,
				871B30352D772959008C50F4 /* CodableFeedStore.swift in Sources */,
				870634582C20C04800E9CD46 /* FeedImage.swift in Sources */,
				87DA56BE2D75D25C008979D2 /* FeedCachePolicy.swift in Sources */,
				87DCB2122C86045600EA40C6 /* URLSessionHTTPClient.swift in Sources */,
			);
			runOnlyForDeploymentPostprocessing = 0;
		};
		870634432C20BF2400E9CD46 /* Sources */ = {
			isa = PBXSourcesBuildPhase;
			buildActionMask = 2147483647;
			files = (
				87DA56C02D75DDB0008979D2 /* CodableFeedStoreTests.swift in Sources */,
				87D6D31D2D749871001BDB1C /* ValidateFeedCacheUseCaseTests.swift in Sources */,
				8706344D2C20BF2400E9CD46 /* LoadFeedFromRemoteUseCaseTests.swift in Sources */,
				87DCB2102C85F2C200EA40C6 /* XCTestCase+MemoryLeakTrackingHelper.swift in Sources */,
				871B303F2D773BA5008C50F4 /* XCTestCase+FailableDeleteFeedStoreSpecs.swift in Sources */,
				87D6D3252D749E76001BDB1C /* SharedTestHelpers.swift in Sources */,
				87FBD1C22C906E48009B93AB /* CacheFeedUseCaseTests.swift in Sources */,
				87EB38432D3146230064558C /* LoadFeedFromCacheUseCaseTests.swift in Sources */,
				871B30372D7736B4008C50F4 /* FeedStoreSpecs.swift in Sources */,
				8718027C2C81F488000EFFB4 /* URLSessionHTTPClientTests.swift in Sources */,
				871B303B2D773784008C50F4 /* XCTestCase+FeedStoreSpecs.swift in Sources */,
				871B303D2D773B42008C50F4 /* XCTestCase+FaiableInsertFeedStoreSpecs.swift in Sources */,
			);
			runOnlyForDeploymentPostprocessing = 0;
		};
		870C93032C888C5D00F38D37 /* Sources */ = {
			isa = PBXSourcesBuildPhase;
			buildActionMask = 2147483647;
			files = (
				870C930A2C888C5D00F38D37 /* EssentialFeedAPIEndToEndTests.swift in Sources */,
				870C93112C8892A000F38D37 /* XCTestCase+MemoryLeakTrackingHelper.swift in Sources */,
				87D6D3262D749E76001BDB1C /* SharedTestHelpers.swift in Sources */,
			);
			runOnlyForDeploymentPostprocessing = 0;
		};
/* End PBXSourcesBuildPhase section */

/* Begin PBXTargetDependency section */
		8706344A2C20BF2400E9CD46 /* PBXTargetDependency */ = {
			isa = PBXTargetDependency;
			target = 8706343E2C20BF2300E9CD46 /* EssentialFeed */;
			targetProxy = 870634492C20BF2400E9CD46 /* PBXContainerItemProxy */;
		};
		870C930D2C888C5D00F38D37 /* PBXTargetDependency */ = {
			isa = PBXTargetDependency;
			target = 8706343E2C20BF2300E9CD46 /* EssentialFeed */;
			targetProxy = 870C930C2C888C5D00F38D37 /* PBXContainerItemProxy */;
		};
/* End PBXTargetDependency section */

/* Begin XCBuildConfiguration section */
		8706344F2C20BF2400E9CD46 /* Debug */ = {
			isa = XCBuildConfiguration;
			buildSettings = {
				ALWAYS_SEARCH_USER_PATHS = NO;
				ASSETCATALOG_COMPILER_GENERATE_SWIFT_ASSET_SYMBOL_EXTENSIONS = YES;
				CLANG_ANALYZER_NONNULL = YES;
				CLANG_ANALYZER_NUMBER_OBJECT_CONVERSION = YES_AGGRESSIVE;
				CLANG_CXX_LANGUAGE_STANDARD = "gnu++20";
				CLANG_ENABLE_MODULES = YES;
				CLANG_ENABLE_OBJC_ARC = YES;
				CLANG_ENABLE_OBJC_WEAK = YES;
				CLANG_WARN_BLOCK_CAPTURE_AUTORELEASING = YES;
				CLANG_WARN_BOOL_CONVERSION = YES;
				CLANG_WARN_COMMA = YES;
				CLANG_WARN_CONSTANT_CONVERSION = YES;
				CLANG_WARN_DEPRECATED_OBJC_IMPLEMENTATIONS = YES;
				CLANG_WARN_DIRECT_OBJC_ISA_USAGE = YES_ERROR;
				CLANG_WARN_DOCUMENTATION_COMMENTS = YES;
				CLANG_WARN_EMPTY_BODY = YES;
				CLANG_WARN_ENUM_CONVERSION = YES;
				CLANG_WARN_INFINITE_RECURSION = YES;
				CLANG_WARN_INT_CONVERSION = YES;
				CLANG_WARN_NON_LITERAL_NULL_CONVERSION = YES;
				CLANG_WARN_OBJC_IMPLICIT_RETAIN_SELF = YES;
				CLANG_WARN_OBJC_LITERAL_CONVERSION = YES;
				CLANG_WARN_OBJC_ROOT_CLASS = YES_ERROR;
				CLANG_WARN_QUOTED_INCLUDE_IN_FRAMEWORK_HEADER = YES;
				CLANG_WARN_RANGE_LOOP_ANALYSIS = YES;
				CLANG_WARN_STRICT_PROTOTYPES = YES;
				CLANG_WARN_SUSPICIOUS_MOVE = YES;
				CLANG_WARN_UNGUARDED_AVAILABILITY = YES_AGGRESSIVE;
				CLANG_WARN_UNREACHABLE_CODE = YES;
				CLANG_WARN__DUPLICATE_METHOD_MATCH = YES;
				COPY_PHASE_STRIP = NO;
				CURRENT_PROJECT_VERSION = 1;
				DEBUG_INFORMATION_FORMAT = dwarf;
				ENABLE_STRICT_OBJC_MSGSEND = YES;
				ENABLE_TESTABILITY = YES;
				ENABLE_USER_SCRIPT_SANDBOXING = YES;
				GCC_C_LANGUAGE_STANDARD = gnu17;
				GCC_DYNAMIC_NO_PIC = NO;
				GCC_NO_COMMON_BLOCKS = YES;
				GCC_OPTIMIZATION_LEVEL = 0;
				GCC_PREPROCESSOR_DEFINITIONS = (
					"DEBUG=1",
					"$(inherited)",
				);
				GCC_WARN_64_TO_32_BIT_CONVERSION = YES;
				GCC_WARN_ABOUT_RETURN_TYPE = YES_ERROR;
				GCC_WARN_UNDECLARED_SELECTOR = YES;
				GCC_WARN_UNINITIALIZED_AUTOS = YES_AGGRESSIVE;
				GCC_WARN_UNUSED_FUNCTION = YES;
				GCC_WARN_UNUSED_VARIABLE = YES;
				LOCALIZATION_PREFERS_STRING_CATALOGS = YES;
				MACOSX_DEPLOYMENT_TARGET = 14.1;
				MTL_ENABLE_DEBUG_INFO = INCLUDE_SOURCE;
				MTL_FAST_MATH = YES;
				ONLY_ACTIVE_ARCH = YES;
				SDKROOT = macosx;
				SWIFT_ACTIVE_COMPILATION_CONDITIONS = "DEBUG $(inherited)";
				SWIFT_OPTIMIZATION_LEVEL = "-Onone";
				VERSIONING_SYSTEM = "apple-generic";
				VERSION_INFO_PREFIX = "";
			};
			name = Debug;
		};
		870634502C20BF2400E9CD46 /* Release */ = {
			isa = XCBuildConfiguration;
			buildSettings = {
				ALWAYS_SEARCH_USER_PATHS = NO;
				ASSETCATALOG_COMPILER_GENERATE_SWIFT_ASSET_SYMBOL_EXTENSIONS = YES;
				CLANG_ANALYZER_NONNULL = YES;
				CLANG_ANALYZER_NUMBER_OBJECT_CONVERSION = YES_AGGRESSIVE;
				CLANG_CXX_LANGUAGE_STANDARD = "gnu++20";
				CLANG_ENABLE_MODULES = YES;
				CLANG_ENABLE_OBJC_ARC = YES;
				CLANG_ENABLE_OBJC_WEAK = YES;
				CLANG_WARN_BLOCK_CAPTURE_AUTORELEASING = YES;
				CLANG_WARN_BOOL_CONVERSION = YES;
				CLANG_WARN_COMMA = YES;
				CLANG_WARN_CONSTANT_CONVERSION = YES;
				CLANG_WARN_DEPRECATED_OBJC_IMPLEMENTATIONS = YES;
				CLANG_WARN_DIRECT_OBJC_ISA_USAGE = YES_ERROR;
				CLANG_WARN_DOCUMENTATION_COMMENTS = YES;
				CLANG_WARN_EMPTY_BODY = YES;
				CLANG_WARN_ENUM_CONVERSION = YES;
				CLANG_WARN_INFINITE_RECURSION = YES;
				CLANG_WARN_INT_CONVERSION = YES;
				CLANG_WARN_NON_LITERAL_NULL_CONVERSION = YES;
				CLANG_WARN_OBJC_IMPLICIT_RETAIN_SELF = YES;
				CLANG_WARN_OBJC_LITERAL_CONVERSION = YES;
				CLANG_WARN_OBJC_ROOT_CLASS = YES_ERROR;
				CLANG_WARN_QUOTED_INCLUDE_IN_FRAMEWORK_HEADER = YES;
				CLANG_WARN_RANGE_LOOP_ANALYSIS = YES;
				CLANG_WARN_STRICT_PROTOTYPES = YES;
				CLANG_WARN_SUSPICIOUS_MOVE = YES;
				CLANG_WARN_UNGUARDED_AVAILABILITY = YES_AGGRESSIVE;
				CLANG_WARN_UNREACHABLE_CODE = YES;
				CLANG_WARN__DUPLICATE_METHOD_MATCH = YES;
				COPY_PHASE_STRIP = NO;
				CURRENT_PROJECT_VERSION = 1;
				DEBUG_INFORMATION_FORMAT = "dwarf-with-dsym";
				ENABLE_NS_ASSERTIONS = NO;
				ENABLE_STRICT_OBJC_MSGSEND = YES;
				ENABLE_USER_SCRIPT_SANDBOXING = YES;
				GCC_C_LANGUAGE_STANDARD = gnu17;
				GCC_NO_COMMON_BLOCKS = YES;
				GCC_WARN_64_TO_32_BIT_CONVERSION = YES;
				GCC_WARN_ABOUT_RETURN_TYPE = YES_ERROR;
				GCC_WARN_UNDECLARED_SELECTOR = YES;
				GCC_WARN_UNINITIALIZED_AUTOS = YES_AGGRESSIVE;
				GCC_WARN_UNUSED_FUNCTION = YES;
				GCC_WARN_UNUSED_VARIABLE = YES;
				LOCALIZATION_PREFERS_STRING_CATALOGS = YES;
				MACOSX_DEPLOYMENT_TARGET = 14.1;
				MTL_ENABLE_DEBUG_INFO = NO;
				MTL_FAST_MATH = YES;
				SDKROOT = macosx;
				SWIFT_COMPILATION_MODE = wholemodule;
				VERSIONING_SYSTEM = "apple-generic";
				VERSION_INFO_PREFIX = "";
			};
			name = Release;
		};
		870634522C20BF2400E9CD46 /* Debug */ = {
			isa = XCBuildConfiguration;
			buildSettings = {
				BUILD_LIBRARY_FOR_DISTRIBUTION = YES;
				CLANG_ENABLE_MODULES = YES;
				CODE_SIGN_IDENTITY = "Apple Development";
				CODE_SIGN_STYLE = Manual;
				COMBINE_HIDPI_IMAGES = YES;
				CURRENT_PROJECT_VERSION = 1;
				DEFINES_MODULE = YES;
				DEVELOPMENT_TEAM = "";
				"DEVELOPMENT_TEAM[sdk=macosx*]" = R6666T3YAD;
				DYLIB_COMPATIBILITY_VERSION = 1;
				DYLIB_CURRENT_VERSION = 1;
				DYLIB_INSTALL_NAME_BASE = "@rpath";
				ENABLE_MODULE_VERIFIER = YES;
				GENERATE_INFOPLIST_FILE = YES;
				INFOPLIST_KEY_NSHumanReadableCopyright = "";
				INSTALL_PATH = "$(LOCAL_LIBRARY_DIR)/Frameworks";
				LD_RUNPATH_SEARCH_PATHS = (
					"$(inherited)",
					"@executable_path/../Frameworks",
					"@loader_path/Frameworks",
				);
				MARKETING_VERSION = 1.0;
				MODULE_VERIFIER_SUPPORTED_LANGUAGES = "objective-c objective-c++";
				MODULE_VERIFIER_SUPPORTED_LANGUAGE_STANDARDS = "gnu17 gnu++20";
				PRODUCT_BUNDLE_IDENTIFIER = de.Oliveira.EssentialFeed;
				PRODUCT_NAME = "$(TARGET_NAME:c99extidentifier)";
				PROVISIONING_PROFILE_SPECIFIER = "";
				SKIP_INSTALL = YES;
				SWIFT_EMIT_LOC_STRINGS = YES;
				SWIFT_INSTALL_OBJC_HEADER = NO;
				SWIFT_OPTIMIZATION_LEVEL = "-Onone";
				SWIFT_VERSION = 5.0;
			};
			name = Debug;
		};
		870634532C20BF2400E9CD46 /* Release */ = {
			isa = XCBuildConfiguration;
			buildSettings = {
				BUILD_LIBRARY_FOR_DISTRIBUTION = YES;
				CLANG_ENABLE_MODULES = YES;
				CODE_SIGN_IDENTITY = "Apple Development";
				CODE_SIGN_STYLE = Manual;
				COMBINE_HIDPI_IMAGES = YES;
				CURRENT_PROJECT_VERSION = 1;
				DEFINES_MODULE = YES;
				DEVELOPMENT_TEAM = "";
				"DEVELOPMENT_TEAM[sdk=macosx*]" = R6666T3YAD;
				DYLIB_COMPATIBILITY_VERSION = 1;
				DYLIB_CURRENT_VERSION = 1;
				DYLIB_INSTALL_NAME_BASE = "@rpath";
				ENABLE_MODULE_VERIFIER = YES;
				GENERATE_INFOPLIST_FILE = YES;
				INFOPLIST_KEY_NSHumanReadableCopyright = "";
				INSTALL_PATH = "$(LOCAL_LIBRARY_DIR)/Frameworks";
				LD_RUNPATH_SEARCH_PATHS = (
					"$(inherited)",
					"@executable_path/../Frameworks",
					"@loader_path/Frameworks",
				);
				MARKETING_VERSION = 1.0;
				MODULE_VERIFIER_SUPPORTED_LANGUAGES = "objective-c objective-c++";
				MODULE_VERIFIER_SUPPORTED_LANGUAGE_STANDARDS = "gnu17 gnu++20";
				PRODUCT_BUNDLE_IDENTIFIER = de.Oliveira.EssentialFeed;
				PRODUCT_NAME = "$(TARGET_NAME:c99extidentifier)";
				PROVISIONING_PROFILE_SPECIFIER = "";
				SKIP_INSTALL = YES;
				SWIFT_EMIT_LOC_STRINGS = YES;
				SWIFT_INSTALL_OBJC_HEADER = NO;
				SWIFT_VERSION = 5.0;
			};
			name = Release;
		};
		870634552C20BF2400E9CD46 /* Debug */ = {
			isa = XCBuildConfiguration;
			buildSettings = {
				ALWAYS_EMBED_SWIFT_STANDARD_LIBRARIES = YES;
				CODE_SIGN_STYLE = Automatic;
				CURRENT_PROJECT_VERSION = 1;
				DEVELOPMENT_TEAM = R6666T3YAD;
				GENERATE_INFOPLIST_FILE = YES;
				MARKETING_VERSION = 1.0;
				PRODUCT_BUNDLE_IDENTIFIER = de.Oliveira.EssentialFeedTests;
				PRODUCT_NAME = "$(TARGET_NAME)";
				SWIFT_EMIT_LOC_STRINGS = NO;
				SWIFT_VERSION = 5.0;
			};
			name = Debug;
		};
		870634562C20BF2400E9CD46 /* Release */ = {
			isa = XCBuildConfiguration;
			buildSettings = {
				ALWAYS_EMBED_SWIFT_STANDARD_LIBRARIES = YES;
				CODE_SIGN_STYLE = Automatic;
				CURRENT_PROJECT_VERSION = 1;
				DEVELOPMENT_TEAM = R6666T3YAD;
				GENERATE_INFOPLIST_FILE = YES;
				MARKETING_VERSION = 1.0;
				PRODUCT_BUNDLE_IDENTIFIER = de.Oliveira.EssentialFeedTests;
				PRODUCT_NAME = "$(TARGET_NAME)";
				SWIFT_EMIT_LOC_STRINGS = NO;
				SWIFT_VERSION = 5.0;
			};
			name = Release;
		};
		870C930F2C888C5D00F38D37 /* Debug */ = {
			isa = XCBuildConfiguration;
			buildSettings = {
				CODE_SIGN_STYLE = Automatic;
				CURRENT_PROJECT_VERSION = 1;
				DEVELOPMENT_TEAM = R6666T3YAD;
				GENERATE_INFOPLIST_FILE = YES;
				MACOSX_DEPLOYMENT_TARGET = 14.4;
				MARKETING_VERSION = 1.0;
				PRODUCT_BUNDLE_IDENTIFIER = de.Oliveira.EssentialFeedAPIEndToEndTests;
				PRODUCT_NAME = "$(TARGET_NAME)";
				SWIFT_EMIT_LOC_STRINGS = NO;
				SWIFT_VERSION = 5.0;
			};
			name = Debug;
		};
		870C93102C888C5D00F38D37 /* Release */ = {
			isa = XCBuildConfiguration;
			buildSettings = {
				CODE_SIGN_STYLE = Automatic;
				CURRENT_PROJECT_VERSION = 1;
				DEVELOPMENT_TEAM = R6666T3YAD;
				GENERATE_INFOPLIST_FILE = YES;
				MACOSX_DEPLOYMENT_TARGET = 14.4;
				MARKETING_VERSION = 1.0;
				PRODUCT_BUNDLE_IDENTIFIER = de.Oliveira.EssentialFeedAPIEndToEndTests;
				PRODUCT_NAME = "$(TARGET_NAME)";
				SWIFT_EMIT_LOC_STRINGS = NO;
				SWIFT_VERSION = 5.0;
			};
			name = Release;
		};
/* End XCBuildConfiguration section */

/* Begin XCConfigurationList section */
		870634392C20BF2300E9CD46 /* Build configuration list for PBXProject "EssentialFeed" */ = {
			isa = XCConfigurationList;
			buildConfigurations = (
				8706344F2C20BF2400E9CD46 /* Debug */,
				870634502C20BF2400E9CD46 /* Release */,
			);
			defaultConfigurationIsVisible = 0;
			defaultConfigurationName = Release;
		};
		870634512C20BF2400E9CD46 /* Build configuration list for PBXNativeTarget "EssentialFeed" */ = {
			isa = XCConfigurationList;
			buildConfigurations = (
				870634522C20BF2400E9CD46 /* Debug */,
				870634532C20BF2400E9CD46 /* Release */,
			);
			defaultConfigurationIsVisible = 0;
			defaultConfigurationName = Release;
		};
		870634542C20BF2400E9CD46 /* Build configuration list for PBXNativeTarget "EssentialFeedTests" */ = {
			isa = XCConfigurationList;
			buildConfigurations = (
				870634552C20BF2400E9CD46 /* Debug */,
				870634562C20BF2400E9CD46 /* Release */,
			);
			defaultConfigurationIsVisible = 0;
			defaultConfigurationName = Release;
		};
		870C930E2C888C5D00F38D37 /* Build configuration list for PBXNativeTarget "EssentialFeedAPIEndToEndTests" */ = {
			isa = XCConfigurationList;
			buildConfigurations = (
				870C930F2C888C5D00F38D37 /* Debug */,
				870C93102C888C5D00F38D37 /* Release */,
			);
			defaultConfigurationIsVisible = 0;
			defaultConfigurationName = Release;
		};
/* End XCConfigurationList section */
	};
	rootObject = 870634362C20BF2300E9CD46 /* Project object */;
}
